{
  "name": "three-vue-viewport",
  "version": "0.0.0",
  "lockfileVersion": 1,
  "requires": true,
  "dependencies": {
    "css-element-queries": {
      "version": "1.2.0",
      "resolved": "https://registry.npmjs.org/css-element-queries/-/css-element-queries-1.2.0.tgz",
      "integrity": "sha512-4gaxpioSFueMcp9yj1TJFCLjfooGv38y6ZdwFUS3GuS+9NIVijdeiExXKwSIHoQDADfpgnaYSTzmJs+bV+Hehg=="
    },
    "intersection-observer": {
      "version": "0.5.1",
      "resolved": "https://registry.npmjs.org/intersection-observer/-/intersection-observer-0.5.1.tgz",
      "integrity": "sha512-Zd7Plneq82kiXFixs7bX62YnuZ0BMRci9br7io88LwDyF3V43cQMI+G5IiTlTNTt+LsDUppl19J/M2Fp9UkH6g=="
    },
    "lodash.debounce": {
      "version": "4.0.8",
      "resolved": "https://registry.npmjs.org/lodash.debounce/-/lodash.debounce-4.0.8.tgz",
      "integrity": "sha1-gteb/zCmfEAF/9XiUVMArZyk168="
    },
    "stats-js": {
      "version": "1.0.1",
      "resolved": "https://registry.npmjs.org/stats-js/-/stats-js-1.0.1.tgz",
      "integrity": "sha512-EAwEFghGNv8mlYC4CZzI5kWghsnP8uBKXw6VLRHtXkOk5xySfUKLTqTkjgJFfDluIkf/O7eZwi5MXP50VeTbUg=="
    },
    "three": {
      "version": "0.118.1",
      "resolved": "https://registry.npmjs.org/three/-/three-0.118.1.tgz",
      "integrity": "sha512-NYziIWAJg1ON5YJosT4eWCe/kmEOXC9pMJjqwsVtfIMrlP5qqassS0y99zs9INJUYtmxLsrNCdi9FzUWBKE6XQ=="
    },
    "three-orbit-controls": {
      "version": "82.1.0",
      "resolved": "https://registry.npmjs.org/three-orbit-controls/-/three-orbit-controls-82.1.0.tgz",
      "integrity": "sha1-EafzPQog7OyY8Jizd4D2U3N0+rQ="
    },
    "vue": {
      "version": "2.6.10",
      "resolved": "https://registry.npmjs.org/vue/-/vue-2.6.10.tgz",
      "integrity": "sha512-ImThpeNU9HbdZL3utgMCq0oiMzAkt1mcgy3/E6zWC/G6AaQoeuFdsl9nDhTDU3X1R6FK7nsIUuRACVcjI+A2GQ=="
    },
    "vue-resize-directive": {
      "version": "1.2.0",
      "resolved": "https://registry.npmjs.org/vue-resize-directive/-/vue-resize-directive-1.2.0.tgz",
      "integrity": "sha512-LmpFexQcl1XYyz3DQrTrq3Efgj50MKEON60nR9MMAq1D2ZtXFg1WDcy1wy1T0SeduNtIu9hos2aLTsJUplvjlQ==",
      "requires": {
        "css-element-queries": "^1.0.2",
        "intersection-observer": "^0.5.0",
        "lodash.debounce": "^4.0.8"
      }
    }
  }
}
