{
  "name": "three-vue-viewport",
  "version": "0.0.0",
  "lockfileVersion": 1,
  "requires": true,
  "dependencies": {
    "stats-js": {
      "version": "1.0.0-alpha1",
      "resolved": "https://registry.npmjs.org/stats-js/-/stats-js-1.0.0-alpha1.tgz",
      "integrity": "sha1-RK6C5kIRI7q5l1DZXD9VJrjyV9s="
    },
    "three": {
      "version": "0.88.0",
      "resolved": "https://registry.npmjs.org/three/-/three-0.88.0.tgz",
      "integrity": "sha1-QlbC/Djk+yOg0j66K2zOTfjkZtU="
    },
    "three-orbit-controls": {
      "version": "82.1.0",
      "resolved": "https://registry.npmjs.org/three-orbit-controls/-/three-orbit-controls-82.1.0.tgz",
      "integrity": "sha1-EafzPQog7OyY8Jizd4D2U3N0+rQ="
    }
  }
}
